{
  "requires": true,
  "lockfileVersion": 1,
  "dependencies": {
    "@swup/head-plugin": {
      "version": "1.1.0",
      "resolved": "https://registry.npmjs.org/@swup/head-plugin/-/head-plugin-1.1.0.tgz",
      "integrity": "sha512-rQn5FFkJkNlE8bMv3K2gp2YWm+Ak5PAJpjKNE3EBCDxYFOavkWEdFMNK2KBnkrqPS7yslmhtq8EMEZ4f+X9Zgg==",
      "requires": {
        "@swup/plugin": "^1.0.1"
      }
    },
    "@swup/plugin": {
      "version": "1.0.1",
      "resolved": "https://registry.npmjs.org/@swup/plugin/-/plugin-1.0.1.tgz",
      "integrity": "sha512-QrTGn1DLx+50CNsk6oGzUFnyNyLkDK6iLb032qKImmAXS+0Dd1cwa8cSGvJ+I27J4qR8y6oJNurgHIEc6ZCTrg=="
    },
    "@swup/preload-plugin": {
      "version": "1.0.3",
      "resolved": "https://registry.npmjs.org/@swup/preload-plugin/-/preload-plugin-1.0.3.tgz",
      "integrity": "sha512-Au2v5kwwrY2WFYEmRoHa8FXMq7S/7KgO+iG2n5IOS7CZfVilIpqTIEQQ8y7TZsQuL6+Pk/57aycYywVLZ8tc3w==",
      "requires": {
        "@swup/plugin": "^1.0.0",
        "delegate": "^3.2.0",
        "swup": "^2.0.0"
      },
      "dependencies": {
        "delegate": {
          "version": "3.2.0",
          "resolved": "https://registry.npmjs.org/delegate/-/delegate-3.2.0.tgz",
          "integrity": "sha512-IofjkYBZaZivn0V8nnsMJGBr4jVLxHDheKSW88PyxS5QC4Vo9ZbZVvhzlSxY87fVq3STR6r+4cGepyHkcWOQSw=="
        }
      }
    },
    "@swup/scripts-plugin": {
      "version": "1.1.0",
      "resolved": "https://registry.npmjs.org/@swup/scripts-plugin/-/scripts-plugin-1.1.0.tgz",
      "integrity": "sha512-/2V5cUrmzxxZH91bBk0WjsWMJhjKhb32wZ41Sw/HXAUf2gLvqebvW6Lw98HJsagNXxVqqjmzTDIfdbHGwVsG/w==",
      "requires": {
        "@swup/plugin": "^1.0.1"
      }
    },
    "@swup/scroll-plugin": {
      "version": "1.0.6",
      "resolved": "https://registry.npmjs.org/@swup/scroll-plugin/-/scroll-plugin-1.0.6.tgz",
      "integrity": "sha512-uUzgbFYdkLIKCk0DiIrkQwYQYkI2lh4NwJlY28nOhmgivgyYRCRgGHXSHyvJEJwDDVSW7w48myq5b1g9HrVeEg==",
      "requires": {
        "@swup/plugin": "^1.0.0",
        "scrl": "^1.0.0"
      }
    },
    "delegate": {
      "version": "3.1.3",
      "resolved": "https://registry.npmjs.org/delegate/-/delegate-3.1.3.tgz",
      "integrity": "sha1-moJRp3fXAl+qVXN7w7BxdCEnqf0="
    },
    "opencollective-postinstall": {
      "version": "2.0.3",
      "resolved": "https://registry.npmjs.org/opencollective-postinstall/-/opencollective-postinstall-2.0.3.tgz",
      "integrity": "sha512-8AV/sCtuzUeTo8gQK5qDZzARrulB3egtLzFgteqB2tcT4Mw7B8Kt7JcDHmltjz6FOAHsvTevk70gZEbhM4ZS9Q=="
    },
    "scrl": {
      "version": "1.0.0",
      "resolved": "https://registry.npmjs.org/scrl/-/scrl-1.0.0.tgz",
      "integrity": "sha512-nTS2W6UyxYfvOOjeXGXM1j140bm2ZUIjt0mEyGUHecFz2zU1CMYJ71dWPdlnSJR2mYOojY1R5qpo4Fi83O7tog=="
    },
    "swup": {
      "version": "2.0.14",
      "resolved": "https://registry.npmjs.org/swup/-/swup-2.0.14.tgz",
      "integrity": "sha512-a+Ihye+rTOwyW7T/vJYwGEKy9kJwc4twwlBryoKZY6WNutQOdpWUKmCkJdvkrDNIqBAvIqpsGUW1NJvoxZxP8w==",
      "requires": {
        "delegate": "3.1.3",
        "opencollective-postinstall": "^2.0.2"
      }
    }
  }
}
